// !$*UTF8*$!
{
	archiveVersion = 1;
	classes = {
	};
	objectVersion = 56;
	objects = {

/* Begin PBXBuildFile section */
		EE10A7C1298E195D00494C7C /* Alert.swift in Sources */ = {isa = PBXBuildFile; fileRef = EE10A7C0298E195D00494C7C /* Alert.swift */; };
		EE10A7C3298E247000494C7C /* AddAlertViewController.swift in Sources */ = {isa = PBXBuildFile; fileRef = EE10A7C2298E247000494C7C /* AddAlertViewController.swift */; };
		EE19A1BF298E0DF5008CDF5C /* AppDelegate.swift in Sources */ = {isa = PBXBuildFile; fileRef = EE19A1BE298E0DF5008CDF5C /* AppDelegate.swift */; };
		EE19A1C1298E0DF5008CDF5C /* SceneDelegate.swift in Sources */ = {isa = PBXBuildFile; fileRef = EE19A1C0298E0DF5008CDF5C /* SceneDelegate.swift */; };
		EE19A1C6298E0DF5008CDF5C /* Main.storyboard in Resources */ = {isa = PBXBuildFile; fileRef = EE19A1C4298E0DF5008CDF5C /* Main.storyboard */; };
		EE19A1C8298E0DF8008CDF5C /* Assets.xcassets in Resources */ = {isa = PBXBuildFile; fileRef = EE19A1C7298E0DF8008CDF5C /* Assets.xcassets */; };
		EE19A1CB298E0DF8008CDF5C /* LaunchScreen.storyboard in Resources */ = {isa = PBXBuildFile; fileRef = EE19A1C9298E0DF8008CDF5C /* LaunchScreen.storyboard */; };
		EE19A1D6298E0DF8008CDF5C /* DrinkTests.swift in Sources */ = {isa = PBXBuildFile; fileRef = EE19A1D5298E0DF8008CDF5C /* DrinkTests.swift */; };
		EE19A1E0298E0DF8008CDF5C /* DrinkUITests.swift in Sources */ = {isa = PBXBuildFile; fileRef = EE19A1DF298E0DF8008CDF5C /* DrinkUITests.swift */; };
		EE19A1E2298E0DF8008CDF5C /* DrinkUITestsLaunchTests.swift in Sources */ = {isa = PBXBuildFile; fileRef = EE19A1E1298E0DF8008CDF5C /* DrinkUITestsLaunchTests.swift */; };
		EE19A1EF298E1016008CDF5C /* AlertListViewController.swift in Sources */ = {isa = PBXBuildFile; fileRef = EE19A1EE298E1016008CDF5C /* AlertListViewController.swift */; };
		EE19A1F2298E11A5008CDF5C /* AlertListCell.swift in Sources */ = {isa = PBXBuildFile; fileRef = EE19A1F0298E11A5008CDF5C /* AlertListCell.swift */; };
		EE19A1F3298E11A6008CDF5C /* AlertListCell.xib in Resources */ = {isa = PBXBuildFile; fileRef = EE19A1F1298E11A5008CDF5C /* AlertListCell.xib */; };
/* End PBXBuildFile section */

/* Begin PBXContainerItemProxy section */
		EE19A1D2298E0DF8008CDF5C /* PBXContainerItemProxy */ = {
			isa = PBXContainerItemProxy;
			containerPortal = EE19A1B3298E0DF5008CDF5C /* Project object */;
			proxyType = 1;
			remoteGlobalIDString = EE19A1BA298E0DF5008CDF5C;
			remoteInfo = Drink;
		};
		EE19A1DC298E0DF8008CDF5C /* PBXContainerItemProxy */ = {
			isa = PBXContainerItemProxy;
			containerPortal = EE19A1B3298E0DF5008CDF5C /* Project object */;
			proxyType = 1;
			remoteGlobalIDString = EE19A1BA298E0DF5008CDF5C;
			remoteInfo = Drink;
		};
/* End PBXContainerItemProxy section */

/* Begin PBXFileReference section */
		EE10A7C0298E195D00494C7C /* Alert.swift */ = {isa = PBXFileReference; lastKnownFileType = sourcecode.swift; path = Alert.swift; sourceTree = "<group>"; };
		EE10A7C2298E247000494C7C /* AddAlertViewController.swift */ = {isa = PBXFileReference; lastKnownFileType = sourcecode.swift; path = AddAlertViewController.swift; sourceTree = "<group>"; };
		EE19A1BB298E0DF5008CDF5C /* Drink.app */ = {isa = PBXFileReference; explicitFileType = wrapper.application; includeInIndex = 0; path = Drink.app; sourceTree = BUILT_PRODUCTS_DIR; };
		EE19A1BE298E0DF5008CDF5C /* AppDelegate.swift */ = {isa = PBXFileReference; lastKnownFileType = sourcecode.swift; path = AppDelegate.swift; sourceTree = "<group>"; };
		EE19A1C0298E0DF5008CDF5C /* SceneDelegate.swift */ = {isa = PBXFileReference; lastKnownFileType = sourcecode.swift; path = SceneDelegate.swift; sourceTree = "<group>"; };
		EE19A1C5298E0DF5008CDF5C /* Base */ = {isa = PBXFileReference; lastKnownFileType = file.storyboard; name = Base; path = Base.lproj/Main.storyboard; sourceTree = "<group>"; };
		EE19A1C7298E0DF8008CDF5C /* Assets.xcassets */ = {isa = PBXFileReference; lastKnownFileType = folder.assetcatalog; path = Assets.xcassets; sourceTree = "<group>"; };
		EE19A1CA298E0DF8008CDF5C /* Base */ = {isa = PBXFileReference; lastKnownFileType = file.storyboard; name = Base; path = Base.lproj/LaunchScreen.storyboard; sourceTree = "<group>"; };
		EE19A1CC298E0DF8008CDF5C /* Info.plist */ = {isa = PBXFileReference; lastKnownFileType = text.plist.xml; path = Info.plist; sourceTree = "<group>"; };
		EE19A1D1298E0DF8008CDF5C /* DrinkTests.xctest */ = {isa = PBXFileReference; explicitFileType = wrapper.cfbundle; includeInIndex = 0; path = DrinkTests.xctest; sourceTree = BUILT_PRODUCTS_DIR; };
		EE19A1D5298E0DF8008CDF5C /* DrinkTests.swift */ = {isa = PBXFileReference; lastKnownFileType = sourcecode.swift; path = DrinkTests.swift; sourceTree = "<group>"; };
		EE19A1DB298E0DF8008CDF5C /* DrinkUITests.xctest */ = {isa = PBXFileReference; explicitFileType = wrapper.cfbundle; includeInIndex = 0; path = DrinkUITests.xctest; sourceTree = BUILT_PRODUCTS_DIR; };
		EE19A1DF298E0DF8008CDF5C /* DrinkUITests.swift */ = {isa = PBXFileReference; lastKnownFileType = sourcecode.swift; path = DrinkUITests.swift; sourceTree = "<group>"; };
		EE19A1E1298E0DF8008CDF5C /* DrinkUITestsLaunchTests.swift */ = {isa = PBXFileReference; lastKnownFileType = sourcecode.swift; path = DrinkUITestsLaunchTests.swift; sourceTree = "<group>"; };
		EE19A1EE298E1016008CDF5C /* AlertListViewController.swift */ = {isa = PBXFileReference; lastKnownFileType = sourcecode.swift; path = AlertListViewController.swift; sourceTree = "<group>"; };
		EE19A1F0298E11A5008CDF5C /* AlertListCell.swift */ = {isa = PBXFileReference; lastKnownFileType = sourcecode.swift; path = AlertListCell.swift; sourceTree = "<group>"; };
		EE19A1F1298E11A5008CDF5C /* AlertListCell.xib */ = {isa = PBXFileReference; lastKnownFileType = file.xib; path = AlertListCell.xib; sourceTree = "<group>"; };
/* End PBXFileReference section */

/* Begin PBXFrameworksBuildPhase section */
		EE19A1B8298E0DF5008CDF5C /* Frameworks */ = {
			isa = PBXFrameworksBuildPhase;
			buildActionMask = 2147483647;
			files = (
			);
			runOnlyForDeploymentPostprocessing = 0;
		};
		EE19A1CE298E0DF8008CDF5C /* Frameworks */ = {
			isa = PBXFrameworksBuildPhase;
			buildActionMask = 2147483647;
			files = (
			);
			runOnlyForDeploymentPostprocessing = 0;
		};
		EE19A1D8298E0DF8008CDF5C /* Frameworks */ = {
			isa = PBXFrameworksBuildPhase;
			buildActionMask = 2147483647;
			files = (
			);
			runOnlyForDeploymentPostprocessing = 0;
		};
/* End PBXFrameworksBuildPhase section */

/* Begin PBXGroup section */
		EE19A1B2298E0DF5008CDF5C = {
			isa = PBXGroup;
			children = (
				EE19A1BD298E0DF5008CDF5C /* Drink */,
				EE19A1D4298E0DF8008CDF5C /* DrinkTests */,
				EE19A1DE298E0DF8008CDF5C /* DrinkUITests */,
				EE19A1BC298E0DF5008CDF5C /* Products */,
			);
			sourceTree = "<group>";
		};
		EE19A1BC298E0DF5008CDF5C /* Products */ = {
			isa = PBXGroup;
			children = (
				EE19A1BB298E0DF5008CDF5C /* Drink.app */,
				EE19A1D1298E0DF8008CDF5C /* DrinkTests.xctest */,
				EE19A1DB298E0DF8008CDF5C /* DrinkUITests.xctest */,
			);
			name = Products;
			sourceTree = "<group>";
		};
		EE19A1BD298E0DF5008CDF5C /* Drink */ = {
			isa = PBXGroup;
			children = (
				EE19A1BE298E0DF5008CDF5C /* AppDelegate.swift */,
				EE19A1C0298E0DF5008CDF5C /* SceneDelegate.swift */,
				EE19A1C4298E0DF5008CDF5C /* Main.storyboard */,
				EE19A1F0298E11A5008CDF5C /* AlertListCell.swift */,
				EE19A1F1298E11A5008CDF5C /* AlertListCell.xib */,
				EE19A1EE298E1016008CDF5C /* AlertListViewController.swift */,
				EE10A7C2298E247000494C7C /* AddAlertViewController.swift */,
				EE10A7C0298E195D00494C7C /* Alert.swift */,
				EE19A1C7298E0DF8008CDF5C /* Assets.xcassets */,
				EE19A1C9298E0DF8008CDF5C /* LaunchScreen.storyboard */,
				EE19A1CC298E0DF8008CDF5C /* Info.plist */,
			);
			path = Drink;
			sourceTree = "<group>";
		};
		EE19A1D4298E0DF8008CDF5C /* DrinkTests */ = {
			isa = PBXGroup;
			children = (
				EE19A1D5298E0DF8008CDF5C /* DrinkTests.swift */,
			);
			path = DrinkTests;
			sourceTree = "<group>";
		};
		EE19A1DE298E0DF8008CDF5C /* DrinkUITests */ = {
			isa = PBXGroup;
			children = (
				EE19A1DF298E0DF8008CDF5C /* DrinkUITests.swift */,
				EE19A1E1298E0DF8008CDF5C /* DrinkUITestsLaunchTests.swift */,
			);
			path = DrinkUITests;
			sourceTree = "<group>";
		};
/* End PBXGroup section */

/* Begin PBXNativeTarget section */
		EE19A1BA298E0DF5008CDF5C /* Drink */ = {
			isa = PBXNativeTarget;
			buildConfigurationList = EE19A1E5298E0DF8008CDF5C /* Build configuration list for PBXNativeTarget "Drink" */;
			buildPhases = (
				EE19A1B7298E0DF5008CDF5C /* Sources */,
				EE19A1B8298E0DF5008CDF5C /* Frameworks */,
				EE19A1B9298E0DF5008CDF5C /* Resources */,
			);
			buildRules = (
			);
			dependencies = (
			);
			name = Drink;
			productName = Drink;
			productReference = EE19A1BB298E0DF5008CDF5C /* Drink.app */;
			productType = "com.apple.product-type.application";
		};
		EE19A1D0298E0DF8008CDF5C /* DrinkTests */ = {
			isa = PBXNativeTarget;
			buildConfigurationList = EE19A1E8298E0DF8008CDF5C /* Build configuration list for PBXNativeTarget "DrinkTests" */;
			buildPhases = (
				EE19A1CD298E0DF8008CDF5C /* Sources */,
				EE19A1CE298E0DF8008CDF5C /* Frameworks */,
				EE19A1CF298E0DF8008CDF5C /* Resources */,
			);
			buildRules = (
			);
			dependencies = (
				EE19A1D3298E0DF8008CDF5C /* PBXTargetDependency */,
			);
			name = DrinkTests;
			productName = DrinkTests;
			productReference = EE19A1D1298E0DF8008CDF5C /* DrinkTests.xctest */;
			productType = "com.apple.product-type.bundle.unit-test";
		};
		EE19A1DA298E0DF8008CDF5C /* DrinkUITests */ = {
			isa = PBXNativeTarget;
			buildConfigurationList = EE19A1EB298E0DF8008CDF5C /* Build configuration list for PBXNativeTarget "DrinkUITests" */;
			buildPhases = (
				EE19A1D7298E0DF8008CDF5C /* Sources */,
				EE19A1D8298E0DF8008CDF5C /* Frameworks */,
				EE19A1D9298E0DF8008CDF5C /* Resources */,
			);
			buildRules = (
			);
			dependencies = (
				EE19A1DD298E0DF8008CDF5C /* PBXTargetDependency */,
			);
			name = DrinkUITests;
			productName = DrinkUITests;
			productReference = EE19A1DB298E0DF8008CDF5C /* DrinkUITests.xctest */;
			productType = "com.apple.product-type.bundle.ui-testing";
		};
/* End PBXNativeTarget section */

/* Begin PBXProject section */
		EE19A1B3298E0DF5008CDF5C /* Project object */ = {
			isa = PBXProject;
			attributes = {
				BuildIndependentTargetsInParallel = 1;
				LastSwiftUpdateCheck = 1420;
				LastUpgradeCheck = 1420;
				TargetAttributes = {
					EE19A1BA298E0DF5008CDF5C = {
						CreatedOnToolsVersion = 14.2;
					};
					EE19A1D0298E0DF8008CDF5C = {
						CreatedOnToolsVersion = 14.2;
						TestTargetID = EE19A1BA298E0DF5008CDF5C;
					};
					EE19A1DA298E0DF8008CDF5C = {
						CreatedOnToolsVersion = 14.2;
						TestTargetID = EE19A1BA298E0DF5008CDF5C;
					};
				};
			};
			buildConfigurationList = EE19A1B6298E0DF5008CDF5C /* Build configuration list for PBXProject "Drink" */;
			compatibilityVersion = "Xcode 14.0";
			developmentRegion = en;
			hasScannedForEncodings = 0;
			knownRegions = (
				en,
				Base,
			);
			mainGroup = EE19A1B2298E0DF5008CDF5C;
			productRefGroup = EE19A1BC298E0DF5008CDF5C /* Products */;
			projectDirPath = "";
			projectRoot = "";
			targets = (
				EE19A1BA298E0DF5008CDF5C /* Drink */,
				EE19A1D0298E0DF8008CDF5C /* DrinkTests */,
				EE19A1DA298E0DF8008CDF5C /* DrinkUITests */,
			);
		};
/* End PBXProject section */

/* Begin PBXResourcesBuildPhase section */
		EE19A1B9298E0DF5008CDF5C /* Resources */ = {
			isa = PBXResourcesBuildPhase;
			buildActionMask = 2147483647;
			files = (
				EE19A1CB298E0DF8008CDF5C /* LaunchScreen.storyboard in Resources */,
				EE19A1C8298E0DF8008CDF5C /* Assets.xcassets in Resources */,
				EE19A1F3298E11A6008CDF5C /* AlertListCell.xib in Resources */,
				EE19A1C6298E0DF5008CDF5C /* Main.storyboard in Resources */,
			);
			runOnlyForDeploymentPostprocessing = 0;
		};
		EE19A1CF298E0DF8008CDF5C /* Resources */ = {
			isa = PBXResourcesBuildPhase;
			buildActionMask = 2147483647;
			files = (
			);
			runOnlyForDeploymentPostprocessing = 0;
		};
		EE19A1D9298E0DF8008CDF5C /* Resources */ = {
			isa = PBXResourcesBuildPhase;
			buildActionMask = 2147483647;
			files = (
			);
			runOnlyForDeploymentPostprocessing = 0;
		};
/* End PBXResourcesBuildPhase section */

/* Begin PBXSourcesBuildPhase section */
		EE19A1B7298E0DF5008CDF5C /* Sources */ = {
			isa = PBXSourcesBuildPhase;
			buildActionMask = 2147483647;
			files = (
				EE19A1BF298E0DF5008CDF5C /* AppDelegate.swift in Sources */,
				EE19A1C1298E0DF5008CDF5C /* SceneDelegate.swift in Sources */,
				EE19A1EF298E1016008CDF5C /* AlertListViewController.swift in Sources */,
				EE10A7C1298E195D00494C7C /* Alert.swift in Sources */,
				EE19A1F2298E11A5008CDF5C /* AlertListCell.swift in Sources */,
				EE10A7C3298E247000494C7C /* AddAlertViewController.swift in Sources */,
			);
			runOnlyForDeploymentPostprocessing = 0;
		};
		EE19A1CD298E0DF8008CDF5C /* Sources */ = {
			isa = PBXSourcesBuildPhase;
			buildActionMask = 2147483647;
			files = (
				EE19A1D6298E0DF8008CDF5C /* DrinkTests.swift in Sources */,
			);
			runOnlyForDeploymentPostprocessing = 0;
		};
		EE19A1D7298E0DF8008CDF5C /* Sources */ = {
			isa = PBXSourcesBuildPhase;
			buildActionMask = 2147483647;
			files = (
				EE19A1E0298E0DF8008CDF5C /* DrinkUITests.swift in Sources */,
				EE19A1E2298E0DF8008CDF5C /* DrinkUITestsLaunchTests.swift in Sources */,
			);
			runOnlyForDeploymentPostprocessing = 0;
		};
/* End PBXSourcesBuildPhase section */

/* Begin PBXTargetDependency section */
		EE19A1D3298E0DF8008CDF5C /* PBXTargetDependency */ = {
			isa = PBXTargetDependency;
			target = EE19A1BA298E0DF5008CDF5C /* Drink */;
			targetProxy = EE19A1D2298E0DF8008CDF5C /* PBXContainerItemProxy */;
		};
		EE19A1DD298E0DF8008CDF5C /* PBXTargetDependency */ = {
			isa = PBXTargetDependency;
			target = EE19A1BA298E0DF5008CDF5C /* Drink */;
			targetProxy = EE19A1DC298E0DF8008CDF5C /* PBXContainerItemProxy */;
		};
/* End PBXTargetDependency section */

/* Begin PBXVariantGroup section */
		EE19A1C4298E0DF5008CDF5C /* Main.storyboard */ = {
			isa = PBXVariantGroup;
			children = (
				EE19A1C5298E0DF5008CDF5C /* Base */,
			);
			name = Main.storyboard;
			sourceTree = "<group>";
		};
		EE19A1C9298E0DF8008CDF5C /* LaunchScreen.storyboard */ = {
			isa = PBXVariantGroup;
			children = (
				EE19A1CA298E0DF8008CDF5C /* Base */,
			);
			name = LaunchScreen.storyboard;
			sourceTree = "<group>";
		};
/* End PBXVariantGroup section */

/* Begin XCBuildConfiguration section */
		EE19A1E3298E0DF8008CDF5C /* Debug */ = {
			isa = XCBuildConfiguration;
			buildSettings = {
				ALWAYS_SEARCH_USER_PATHS = NO;
				CLANG_ANALYZER_NONNULL = YES;
				CLANG_ANALYZER_NUMBER_OBJECT_CONVERSION = YES_AGGRESSIVE;
				CLANG_CXX_LANGUAGE_STANDARD = "gnu++20";
				CLANG_ENABLE_MODULES = YES;
				CLANG_ENABLE_OBJC_ARC = YES;
				CLANG_ENABLE_OBJC_WEAK = YES;
				CLANG_WARN_BLOCK_CAPTURE_AUTORELEASING = YES;
				CLANG_WARN_BOOL_CONVERSION = YES;
				CLANG_WARN_COMMA = YES;
				CLANG_WARN_CONSTANT_CONVERSION = YES;
				CLANG_WARN_DEPRECATED_OBJC_IMPLEMENTATIONS = YES;
				CLANG_WARN_DIRECT_OBJC_ISA_USAGE = YES_ERROR;
				CLANG_WARN_DOCUMENTATION_COMMENTS = YES;
				CLANG_WARN_EMPTY_BODY = YES;
				CLANG_WARN_ENUM_CONVERSION = YES;
				CLANG_WARN_INFINITE_RECURSION = YES;
				CLANG_WARN_INT_CONVERSION = YES;
				CLANG_WARN_NON_LITERAL_NULL_CONVERSION = YES;
				CLANG_WARN_OBJC_IMPLICIT_RETAIN_SELF = YES;
				CLANG_WARN_OBJC_LITERAL_CONVERSION = YES;
				CLANG_WARN_OBJC_ROOT_CLASS = YES_ERROR;
				CLANG_WARN_QUOTED_INCLUDE_IN_FRAMEWORK_HEADER = YES;
				CLANG_WARN_RANGE_LOOP_ANALYSIS = YES;
				CLANG_WARN_STRICT_PROTOTYPES = YES;
				CLANG_WARN_SUSPICIOUS_MOVE = YES;
				CLANG_WARN_UNGUARDED_AVAILABILITY = YES_AGGRESSIVE;
				CLANG_WARN_UNREACHABLE_CODE = YES;
				CLANG_WARN__DUPLICATE_METHOD_MATCH = YES;
				COPY_PHASE_STRIP = NO;
				DEBUG_INFORMATION_FORMAT = dwarf;
				ENABLE_STRICT_OBJC_MSGSEND = YES;
				ENABLE_TESTABILITY = YES;
				GCC_C_LANGUAGE_STANDARD = gnu11;
				GCC_DYNAMIC_NO_PIC = NO;
				GCC_NO_COMMON_BLOCKS = YES;
				GCC_OPTIMIZATION_LEVEL = 0;
				GCC_PREPROCESSOR_DEFINITIONS = (
					"DEBUG=1",
					"$(inherited)",
				);
				GCC_WARN_64_TO_32_BIT_CONVERSION = YES;
				GCC_WARN_ABOUT_RETURN_TYPE = YES_ERROR;
				GCC_WARN_UNDECLARED_SELECTOR = YES;
				GCC_WARN_UNINITIALIZED_AUTOS = YES_AGGRESSIVE;
				GCC_WARN_UNUSED_FUNCTION = YES;
				GCC_WARN_UNUSED_VARIABLE = YES;
				IPHONEOS_DEPLOYMENT_TARGET = 16.2;
				MTL_ENABLE_DEBUG_INFO = INCLUDE_SOURCE;
				MTL_FAST_MATH = YES;
				ONLY_ACTIVE_ARCH = YES;
				SDKROOT = iphoneos;
				SWIFT_ACTIVE_COMPILATION_CONDITIONS = DEBUG;
				SWIFT_OPTIMIZATION_LEVEL = "-Onone";
			};
			name = Debug;
		};
		EE19A1E4298E0DF8008CDF5C /* Release */ = {
			isa = XCBuildConfiguration;
			buildSettings = {
				ALWAYS_SEARCH_USER_PATHS = NO;
				CLANG_ANALYZER_NONNULL = YES;
				CLANG_ANALYZER_NUMBER_OBJECT_CONVERSION = YES_AGGRESSIVE;
				CLANG_CXX_LANGUAGE_STANDARD = "gnu++20";
				CLANG_ENABLE_MODULES = YES;
				CLANG_ENABLE_OBJC_ARC = YES;
				CLANG_ENABLE_OBJC_WEAK = YES;
				CLANG_WARN_BLOCK_CAPTURE_AUTORELEASING = YES;
				CLANG_WARN_BOOL_CONVERSION = YES;
				CLANG_WARN_COMMA = YES;
				CLANG_WARN_CONSTANT_CONVERSION = YES;
				CLANG_WARN_DEPRECATED_OBJC_IMPLEMENTATIONS = YES;
				CLANG_WARN_DIRECT_OBJC_ISA_USAGE = YES_ERROR;
				CLANG_WARN_DOCUMENTATION_COMMENTS = YES;
				CLANG_WARN_EMPTY_BODY = YES;
				CLANG_WARN_ENUM_CONVERSION = YES;
				CLANG_WARN_INFINITE_RECURSION = YES;
				CLANG_WARN_INT_CONVERSION = YES;
				CLANG_WARN_NON_LITERAL_NULL_CONVERSION = YES;
				CLANG_WARN_OBJC_IMPLICIT_RETAIN_SELF = YES;
				CLANG_WARN_OBJC_LITERAL_CONVERSION = YES;
				CLANG_WARN_OBJC_ROOT_CLASS = YES_ERROR;
				CLANG_WARN_QUOTED_INCLUDE_IN_FRAMEWORK_HEADER = YES;
				CLANG_WARN_RANGE_LOOP_ANALYSIS = YES;
				CLANG_WARN_STRICT_PROTOTYPES = YES;
				CLANG_WARN_SUSPICIOUS_MOVE = YES;
				CLANG_WARN_UNGUARDED_AVAILABILITY = YES_AGGRESSIVE;
				CLANG_WARN_UNREACHABLE_CODE = YES;
				CLANG_WARN__DUPLICATE_METHOD_MATCH = YES;
				COPY_PHASE_STRIP = NO;
				DEBUG_INFORMATION_FORMAT = "dwarf-with-dsym";
				ENABLE_NS_ASSERTIONS = NO;
				ENABLE_STRICT_OBJC_MSGSEND = YES;
				GCC_C_LANGUAGE_STANDARD = gnu11;
				GCC_NO_COMMON_BLOCKS = YES;
				GCC_WARN_64_TO_32_BIT_CONVERSION = YES;
				GCC_WARN_ABOUT_RETURN_TYPE = YES_ERROR;
				GCC_WARN_UNDECLARED_SELECTOR = YES;
				GCC_WARN_UNINITIALIZED_AUTOS = YES_AGGRESSIVE;
				GCC_WARN_UNUSED_FUNCTION = YES;
				GCC_WARN_UNUSED_VARIABLE = YES;
				IPHONEOS_DEPLOYMENT_TARGET = 16.2;
				MTL_ENABLE_DEBUG_INFO = NO;
				MTL_FAST_MATH = YES;
				SDKROOT = iphoneos;
				SWIFT_COMPILATION_MODE = wholemodule;
				SWIFT_OPTIMIZATION_LEVEL = "-O";
				VALIDATE_PRODUCT = YES;
			};
			name = Release;
		};
		EE19A1E6298E0DF8008CDF5C /* Debug */ = {
			isa = XCBuildConfiguration;
			buildSettings = {
				ASSETCATALOG_COMPILER_APPICON_NAME = AppIcon;
				ASSETCATALOG_COMPILER_GLOBAL_ACCENT_COLOR_NAME = AccentColor;
				CODE_SIGN_STYLE = Automatic;
				CURRENT_PROJECT_VERSION = 1;
				DEVELOPMENT_TEAM = Q4A6TH8JR3;
				GENERATE_INFOPLIST_FILE = YES;
				INFOPLIST_FILE = Drink/Info.plist;
				INFOPLIST_KEY_UIApplicationSupportsIndirectInputEvents = YES;
				INFOPLIST_KEY_UILaunchStoryboardName = LaunchScreen;
				INFOPLIST_KEY_UIMainStoryboardFile = Main;
				INFOPLIST_KEY_UISupportedInterfaceOrientations_iPad = "UIInterfaceOrientationPortrait UIInterfaceOrientationPortraitUpsideDown UIInterfaceOrientationLandscapeLeft UIInterfaceOrientationLandscapeRight";
				INFOPLIST_KEY_UISupportedInterfaceOrientations_iPhone = "UIInterfaceOrientationPortrait UIInterfaceOrientationLandscapeLeft UIInterfaceOrientationLandscapeRight";
				LD_RUNPATH_SEARCH_PATHS = (
					"$(inherited)",
					"@executable_path/Frameworks",
				);
				MARKETING_VERSION = 1.0;
				PRODUCT_BUNDLE_IDENTIFIER = mrunzap.Drink;
				PRODUCT_NAME = "$(TARGET_NAME)";
				SWIFT_EMIT_LOC_STRINGS = YES;
				SWIFT_VERSION = 5.0;
				TARGETED_DEVICE_FAMILY = "1,2";
			};
			name = Debug;
		};
		EE19A1E7298E0DF8008CDF5C /* Release */ = {
			isa = XCBuildConfiguration;
			buildSettings = {
				ASSETCATALOG_COMPILER_APPICON_NAME = AppIcon;
				ASSETCATALOG_COMPILER_GLOBAL_ACCENT_COLOR_NAME = AccentColor;
				CODE_SIGN_STYLE = Automatic;
				CURRENT_PROJECT_VERSION = 1;
				DEVELOPMENT_TEAM = Q4A6TH8JR3;
				GENERATE_INFOPLIST_FILE = YES;
				INFOPLIST_FILE = Drink/Info.plist;
				INFOPLIST_KEY_UIApplicationSupportsIndirectInputEvents = YES;
				INFOPLIST_KEY_UILaunchStoryboardName = LaunchScreen;
				INFOPLIST_KEY_UIMainStoryboardFile = Main;
				INFOPLIST_KEY_UISupportedInterfaceOrientations_iPad = "UIInterfaceOrientationPortrait UIInterfaceOrientationPortraitUpsideDown UIInterfaceOrientationLandscapeLeft UIInterfaceOrientationLandscapeRight";
				INFOPLIST_KEY_UISupportedInterfaceOrientations_iPhone = "UIInterfaceOrientationPortrait UIInterfaceOrientationLandscapeLeft UIInterfaceOrientationLandscapeRight";
				LD_RUNPATH_SEARCH_PATHS = (
					"$(inherited)",
					"@executable_path/Frameworks",
				);
				MARKETING_VERSION = 1.0;
				PRODUCT_BUNDLE_IDENTIFIER = mrunzap.Drink;
				PRODUCT_NAME = "$(TARGET_NAME)";
				SWIFT_EMIT_LOC_STRINGS = YES;
				SWIFT_VERSION = 5.0;
				TARGETED_DEVICE_FAMILY = "1,2";
			};
			name = Release;
		};
		EE19A1E9298E0DF8008CDF5C /* Debug */ = {
			isa = XCBuildConfiguration;
			buildSettings = {
				ALWAYS_EMBED_SWIFT_STANDARD_LIBRARIES = YES;
				BUNDLE_LOADER = "$(TEST_HOST)";
				CODE_SIGN_STYLE = Automatic;
				CURRENT_PROJECT_VERSION = 1;
				DEVELOPMENT_TEAM = Q4A6TH8JR3;
				GENERATE_INFOPLIST_FILE = YES;
				IPHONEOS_DEPLOYMENT_TARGET = 16.2;
				MARKETING_VERSION = 1.0;
				PRODUCT_BUNDLE_IDENTIFIER = mrunzap.DrinkTests;
				PRODUCT_NAME = "$(TARGET_NAME)";
				SWIFT_EMIT_LOC_STRINGS = NO;
				SWIFT_VERSION = 5.0;
				TARGETED_DEVICE_FAMILY = "1,2";
				TEST_HOST = "$(BUILT_PRODUCTS_DIR)/Drink.app/$(BUNDLE_EXECUTABLE_FOLDER_PATH)/Drink";
			};
			name = Debug;
		};
		EE19A1EA298E0DF8008CDF5C /* Release */ = {
			isa = XCBuildConfiguration;
			buildSettings = {
				ALWAYS_EMBED_SWIFT_STANDARD_LIBRARIES = YES;
				BUNDLE_LOADER = "$(TEST_HOST)";
				CODE_SIGN_STYLE = Automatic;
				CURRENT_PROJECT_VERSION = 1;
				DEVELOPMENT_TEAM = Q4A6TH8JR3;
				GENERATE_INFOPLIST_FILE = YES;
				IPHONEOS_DEPLOYMENT_TARGET = 16.2;
				MARKETING_VERSION = 1.0;
				PRODUCT_BUNDLE_IDENTIFIER = mrunzap.DrinkTests;
				PRODUCT_NAME = "$(TARGET_NAME)";
				SWIFT_EMIT_LOC_STRINGS = NO;
				SWIFT_VERSION = 5.0;
				TARGETED_DEVICE_FAMILY = "1,2";
				TEST_HOST = "$(BUILT_PRODUCTS_DIR)/Drink.app/$(BUNDLE_EXECUTABLE_FOLDER_PATH)/Drink";
			};
			name = Release;
		};
		EE19A1EC298E0DF8008CDF5C /* Debug */ = {
			isa = XCBuildConfiguration;
			buildSettings = {
				ALWAYS_EMBED_SWIFT_STANDARD_LIBRARIES = YES;
				CODE_SIGN_STYLE = Automatic;
				CURRENT_PROJECT_VERSION = 1;
				DEVELOPMENT_TEAM = Q4A6TH8JR3;
				GENERATE_INFOPLIST_FILE = YES;
				MARKETING_VERSION = 1.0;
				PRODUCT_BUNDLE_IDENTIFIER = mrunzap.DrinkUITests;
				PRODUCT_NAME = "$(TARGET_NAME)";
				SWIFT_EMIT_LOC_STRINGS = NO;
				SWIFT_VERSION = 5.0;
				TARGETED_DEVICE_FAMILY = "1,2";
				TEST_TARGET_NAME = Drink;
			};
			name = Debug;
		};
		EE19A1ED298E0DF8008CDF5C /* Release */ = {
			isa = XCBuildConfiguration;
			buildSettings = {
				ALWAYS_EMBED_SWIFT_STANDARD_LIBRARIES = YES;
				CODE_SIGN_STYLE = Automatic;
				CURRENT_PROJECT_VERSION = 1;
				DEVELOPMENT_TEAM = Q4A6TH8JR3;
				GENERATE_INFOPLIST_FILE = YES;
				MARKETING_VERSION = 1.0;
				PRODUCT_BUNDLE_IDENTIFIER = mrunzap.DrinkUITests;
				PRODUCT_NAME = "$(TARGET_NAME)";
				SWIFT_EMIT_LOC_STRINGS = NO;
				SWIFT_VERSION = 5.0;
				TARGETED_DEVICE_FAMILY = "1,2";
				TEST_TARGET_NAME = Drink;
			};
			name = Release;
		};
/* End XCBuildConfiguration section */

/* Begin XCConfigurationList section */
		EE19A1B6298E0DF5008CDF5C /* Build configuration list for PBXProject "Drink" */ = {
			isa = XCConfigurationList;
			buildConfigurations = (
				EE19A1E3298E0DF8008CDF5C /* Debug */,
				EE19A1E4298E0DF8008CDF5C /* Release */,
			);
			defaultConfigurationIsVisible = 0;
			defaultConfigurationName = Release;
		};
		EE19A1E5298E0DF8008CDF5C /* Build configuration list for PBXNativeTarget "Drink" */ = {
			isa = XCConfigurationList;
			buildConfigurations = (
				EE19A1E6298E0DF8008CDF5C /* Debug */,
				EE19A1E7298E0DF8008CDF5C /* Release */,
			);
			defaultConfigurationIsVisible = 0;
			defaultConfigurationName = Release;
		};
		EE19A1E8298E0DF8008CDF5C /* Build configuration list for PBXNativeTarget "DrinkTests" */ = {
			isa = XCConfigurationList;
			buildConfigurations = (
				EE19A1E9298E0DF8008CDF5C /* Debug */,
				EE19A1EA298E0DF8008CDF5C /* Release */,
			);
			defaultConfigurationIsVisible = 0;
			defaultConfigurationName = Release;
		};
		EE19A1EB298E0DF8008CDF5C /* Build configuration list for PBXNativeTarget "DrinkUITests" */ = {
			isa = XCConfigurationList;
			buildConfigurations = (
				EE19A1EC298E0DF8008CDF5C /* Debug */,
				EE19A1ED298E0DF8008CDF5C /* Release */,
			);
			defaultConfigurationIsVisible = 0;
			defaultConfigurationName = Release;
		};
/* End XCConfigurationList section */
	};
	rootObject = EE19A1B3298E0DF5008CDF5C /* Project object */;
}
